
Microsoft Visual Studio Solution File, Format Version 12.00
# Visual Studio Version 16
VisualStudioVersion = 16.0.31129.286
MinimumVisualStudioVersion = 10.0.40219.1
Project("{FAE04EC0-301F-11D3-BF4B-00C04F79EFBC}") = "AppMQTT", "AppMQTT\AppMQTT.csproj", "{A75D22C0-A933-4E00-B66D-15F5944C3200}"
EndProject
Global
	GlobalSection(SolutionConfigurationPlatforms) = preSolution
		Debug|Any CPU = Debug|Any CPU
		Release|Any CPU = Release|Any CPU
	EndGlobalSection
	GlobalSection(ProjectConfigurationPlatforms) = postSolution
		{A75D22C0-A933-4E00-B66D-15F5944C3200}.Debug|Any CPU.ActiveCfg = Debug|Any CPU
		{A75D22C0-A933-4E00-B66D-15F5944C3200}.Debug|Any CPU.Build.0 = Debug|Any CPU
		{A75D22C0-A933-4E00-B66D-15F5944C3200}.Release|Any CPU.ActiveCfg = Release|Any CPU
		{A75D22C0-A933-4E00-B66D-15F5944C3200}.Release|Any CPU.Build.0 = Release|Any CPU
	EndGlobalSection
	GlobalSection(SolutionProperties) = preSolution
		HideSolutionNode = FALSE
	EndGlobalSection
	GlobalSection(ExtensibilityGlobals) = postSolution
		SolutionGuid = {03FAE830-16F1-4162-9F56-D21E7212BFEB}
	EndGlobalSection
EndGlobal
